
Microsoft Visual Studio Solution File, Format Version 12.00
# Visual Studio Version 16
VisualStudioVersion = 16.0.31727.386
MinimumVisualStudioVersion = 10.0.40219.1
Project("{8BC9CEB8-8B4A-11D0-8D11-00A0C91BC942}") = "prvy c++ projekt", "prvy c++ projekt\prvy c++ projekt.vcxproj", "{0F0AC2C2-91D9-4ACD-831B-B70F1449171E}"
EndProject
Project("{8BC9CEB8-8B4A-11D0-8D11-00A0C91BC942}") = "den3", "den3\den3.vcxproj", "{8926A87E-5E50-4C98-8CFB-2E7A7351630E}"
EndProject
Project("{8BC9CEB8-8B4A-11D0-8D11-00A0C91BC942}") = "uloha den4", "uloha den4\uloha den4.vcxproj", "{AAEF1968-823F-4772-9887-799F0AA6BD8D}"
EndProject
Project("{8BC9CEB8-8B4A-11D0-8D11-00A0C91BC942}") = "den5", "den5\den5.vcxproj", "{3CEB839A-D503-48A5-8AE5-A1031F414F19}"
EndProject
Project("{8BC9CEB8-8B4A-11D0-8D11-00A0C91BC942}") = "den6", "den6\den6.vcxproj", "{8CF1F9C2-483C-43CE-899A-DFF882A448AD}"
EndProject
Project("{8BC9CEB8-8B4A-11D0-8D11-00A0C91BC942}") = "dw", "dw\dw.vcxproj", "{64BC6C0D-FC67-4BEA-9C43-ECBF0057A25E}"
EndProject
Project("{8BC9CEB8-8B4A-11D0-8D11-00A0C91BC942}") = "den7", "den7\den7.vcxproj", "{D12C7F2E-55DC-459A-83F4-A86F7B81BE80}"
EndProject
Project("{8BC9CEB8-8B4A-11D0-8D11-00A0C91BC942}") = "den8", "den8\den8.vcxproj", "{9D2877E8-6671-4D74-8456-44E6BEB243CD}"
EndProject
Project("{8BC9CEB8-8B4A-11D0-8D11-00A0C91BC942}") = "den9", "den9\den9.vcxproj", "{57B93298-8712-4B03-A205-E9B68F3E6928}"
EndProject
Project("{8BC9CEB8-8B4A-11D0-8D11-00A0C91BC942}") = "den10", "den10\den10.vcxproj", "{78826BFD-5094-4E48-BBFD-D31460C57FAD}"
EndProject
Project("{8BC9CEB8-8B4A-11D0-8D11-00A0C91BC942}") = "den10 cast 2", "den10 cast 2\den10 cast 2.vcxproj", "{773AFC7B-59E8-4254-85B8-44CB20AE45F6}"
EndProject
Project("{8BC9CEB8-8B4A-11D0-8D11-00A0C91BC942}") = "den11", "den11\den11.vcxproj", "{4A2346A5-7396-4EB6-BBC3-30CB1AFC4E92}"
EndProject
Project("{8BC9CEB8-8B4A-11D0-8D11-00A0C91BC942}") = "den12", "den12\den12.vcxproj", "{BA53B85A-220E-4E08-8FF2-BCD3242FAF0F}"
EndProject
Project("{8BC9CEB8-8B4A-11D0-8D11-00A0C91BC942}") = "den13", "den13\den13.vcxproj", "{343950A0-0B10-4A3A-9590-06A06A67DA09}"
EndProject
Project("{8BC9CEB8-8B4A-11D0-8D11-00A0C91BC942}") = "den14", "den14\den14.vcxproj", "{5B64CE54-B05C-4D49-8125-60B70A0F7171}"
EndProject
Global
	GlobalSection(SolutionConfigurationPlatforms) = preSolution
		Debug|x64 = Debug|x64
		Debug|x86 = Debug|x86
		Release|x64 = Release|x64
		Release|x86 = Release|x86
	EndGlobalSection
	GlobalSection(ProjectConfigurationPlatforms) = postSolution
		{0F0AC2C2-91D9-4ACD-831B-B70F1449171E}.Debug|x64.ActiveCfg = Debug|x64
		{0F0AC2C2-91D9-4ACD-831B-B70F1449171E}.Debug|x64.Build.0 = Debug|x64
		{0F0AC2C2-91D9-4ACD-831B-B70F1449171E}.Debug|x86.ActiveCfg = Debug|Win32
		{0F0AC2C2-91D9-4ACD-831B-B70F1449171E}.Debug|x86.Build.0 = Debug|Win32
		{0F0AC2C2-91D9-4ACD-831B-B70F1449171E}.Release|x64.ActiveCfg = Release|x64
		{0F0AC2C2-91D9-4ACD-831B-B70F1449171E}.Release|x64.Build.0 = Release|x64
		{0F0AC2C2-91D9-4ACD-831B-B70F1449171E}.Release|x86.ActiveCfg = Release|Win32
		{0F0AC2C2-91D9-4ACD-831B-B70F1449171E}.Release|x86.Build.0 = Release|Win32
		{8926A87E-5E50-4C98-8CFB-2E7A7351630E}.Debug|x64.ActiveCfg = Debug|x64
		{8926A87E-5E50-4C98-8CFB-2E7A7351630E}.Debug|x64.Build.0 = Debug|x64
		{8926A87E-5E50-4C98-8CFB-2E7A7351630E}.Debug|x86.ActiveCfg = Debug|Win32
		{8926A87E-5E50-4C98-8CFB-2E7A7351630E}.Debug|x86.Build.0 = Debug|Win32
		{8926A87E-5E50-4C98-8CFB-2E7A7351630E}.Release|x64.ActiveCfg = Release|x64
		{8926A87E-5E50-4C98-8CFB-2E7A7351630E}.Release|x64.Build.0 = Release|x64
		{8926A87E-5E50-4C98-8CFB-2E7A7351630E}.Release|x86.ActiveCfg = Release|Win32
		{8926A87E-5E50-4C98-8CFB-2E7A7351630E}.Release|x86.Build.0 = Release|Win32
		{AAEF1968-823F-4772-9887-799F0AA6BD8D}.Debug|x64.ActiveCfg = Debug|x64
		{AAEF1968-823F-4772-9887-799F0AA6BD8D}.Debug|x64.Build.0 = Debug|x64
		{AAEF1968-823F-4772-9887-799F0AA6BD8D}.Debug|x86.ActiveCfg = Debug|Win32
		{AAEF1968-823F-4772-9887-799F0AA6BD8D}.Debug|x86.Build.0 = Debug|Win32
		{AAEF1968-823F-4772-9887-799F0AA6BD8D}.Release|x64.ActiveCfg = Release|x64
		{AAEF1968-823F-4772-9887-799F0AA6BD8D}.Release|x64.Build.0 = Release|x64
		{AAEF1968-823F-4772-9887-799F0AA6BD8D}.Release|x86.ActiveCfg = Release|Win32
		{AAEF1968-823F-4772-9887-799F0AA6BD8D}.Release|x86.Build.0 = Release|Win32
		{3CEB839A-D503-48A5-8AE5-A1031F414F19}.Debug|x64.ActiveCfg = Debug|x64
		{3CEB839A-D503-48A5-8AE5-A1031F414F19}.Debug|x64.Build.0 = Debug|x64
		{3CEB839A-D503-48A5-8AE5-A1031F414F19}.Debug|x86.ActiveCfg = Debug|Win32
		{3CEB839A-D503-48A5-8AE5-A1031F414F19}.Debug|x86.Build.0 = Debug|Win32
		{3CEB839A-D503-48A5-8AE5-A1031F414F19}.Release|x64.ActiveCfg = Release|x64
		{3CEB839A-D503-48A5-8AE5-A1031F414F19}.Release|x64.Build.0 = Release|x64
		{3CEB839A-D503-48A5-8AE5-A1031F414F19}.Release|x86.ActiveCfg = Release|Win32
		{3CEB839A-D503-48A5-8AE5-A1031F414F19}.Release|x86.Build.0 = Release|Win32
		{8CF1F9C2-483C-43CE-899A-DFF882A448AD}.Debug|x64.ActiveCfg = Debug|x64
		{8CF1F9C2-483C-43CE-899A-DFF882A448AD}.Debug|x64.Build.0 = Debug|x64
		{8CF1F9C2-483C-43CE-899A-DFF882A448AD}.Debug|x86.ActiveCfg = Debug|Win32
		{8CF1F9C2-483C-43CE-899A-DFF882A448AD}.Debug|x86.Build.0 = Debug|Win32
		{8CF1F9C2-483C-43CE-899A-DFF882A448AD}.Release|x64.ActiveCfg = Release|x64
		{8CF1F9C2-483C-43CE-899A-DFF882A448AD}.Release|x64.Build.0 = Release|x64
		{8CF1F9C2-483C-43CE-899A-DFF882A448AD}.Release|x86.ActiveCfg = Release|Win32
		{8CF1F9C2-483C-43CE-899A-DFF882A448AD}.Release|x86.Build.0 = Release|Win32
		{64BC6C0D-FC67-4BEA-9C43-ECBF0057A25E}.Debug|x64.ActiveCfg = Debug|x64
		{64BC6C0D-FC67-4BEA-9C43-ECBF0057A25E}.Debug|x64.Build.0 = Debug|x64
		{64BC6C0D-FC67-4BEA-9C43-ECBF0057A25E}.Debug|x86.ActiveCfg = Debug|Win32
		{64BC6C0D-FC67-4BEA-9C43-ECBF0057A25E}.Debug|x86.Build.0 = Debug|Win32
		{64BC6C0D-FC67-4BEA-9C43-ECBF0057A25E}.Release|x64.ActiveCfg = Release|x64
		{64BC6C0D-FC67-4BEA-9C43-ECBF0057A25E}.Release|x64.Build.0 = Release|x64
		{64BC6C0D-FC67-4BEA-9C43-ECBF0057A25E}.Release|x86.ActiveCfg = Release|Win32
		{64BC6C0D-FC67-4BEA-9C43-ECBF0057A25E}.Release|x86.Build.0 = Release|Win32
		{D12C7F2E-55DC-459A-83F4-A86F7B81BE80}.Debug|x64.ActiveCfg = Debug|x64
		{D12C7F2E-55DC-459A-83F4-A86F7B81BE80}.Debug|x64.Build.0 = Debug|x64
		{D12C7F2E-55DC-459A-83F4-A86F7B81BE80}.Debug|x86.ActiveCfg = Debug|Win32
		{D12C7F2E-55DC-459A-83F4-A86F7B81BE80}.Debug|x86.Build.0 = Debug|Win32
		{D12C7F2E-55DC-459A-83F4-A86F7B81BE80}.Release|x64.ActiveCfg = Release|x64
		{D12C7F2E-55DC-459A-83F4-A86F7B81BE80}.Release|x64.Build.0 = Release|x64
		{D12C7F2E-55DC-459A-83F4-A86F7B81BE80}.Release|x86.ActiveCfg = Release|Win32
		{D12C7F2E-55DC-459A-83F4-A86F7B81BE80}.Release|x86.Build.0 = Release|Win32
		{9D2877E8-6671-4D74-8456-44E6BEB243CD}.Debug|x64.ActiveCfg = Debug|x64
		{9D2877E8-6671-4D74-8456-44E6BEB243CD}.Debug|x64.Build.0 = Debug|x64
		{9D2877E8-6671-4D74-8456-44E6BEB243CD}.Debug|x86.ActiveCfg = Debug|Win32
		{9D2877E8-6671-4D74-8456-44E6BEB243CD}.Debug|x86.Build.0 = Debug|Win32
		{9D2877E8-6671-4D74-8456-44E6BEB243CD}.Release|x64.ActiveCfg = Release|x64
		{9D2877E8-6671-4D74-8456-44E6BEB243CD}.Release|x64.Build.0 = Release|x64
		{9D2877E8-6671-4D74-8456-44E6BEB243CD}.Release|x86.ActiveCfg = Release|Win32
		{9D2877E8-6671-4D74-8456-44E6BEB243CD}.Release|x86.Build.0 = Release|Win32
		{57B93298-8712-4B03-A205-E9B68F3E6928}.Debug|x64.ActiveCfg = Debug|x64
		{57B93298-8712-4B03-A205-E9B68F3E6928}.Debug|x64.Build.0 = Debug|x64
		{57B93298-8712-4B03-A205-E9B68F3E6928}.Debug|x86.ActiveCfg = Debug|Win32
		{57B93298-8712-4B03-A205-E9B68F3E6928}.Debug|x86.Build.0 = Debug|Win32
		{57B93298-8712-4B03-A205-E9B68F3E6928}.Release|x64.ActiveCfg = Release|x64
		{57B93298-8712-4B03-A205-E9B68F3E6928}.Release|x64.Build.0 = Release|x64
		{57B93298-8712-4B03-A205-E9B68F3E6928}.Release|x86.ActiveCfg = Release|Win32
		{57B93298-8712-4B03-A205-E9B68F3E6928}.Release|x86.Build.0 = Release|Win32
		{78826BFD-5094-4E48-BBFD-D31460C57FAD}.Debug|x64.ActiveCfg = Debug|x64
		{78826BFD-5094-4E48-BBFD-D31460C57FAD}.Debug|x64.Build.0 = Debug|x64
		{78826BFD-5094-4E48-BBFD-D31460C57FAD}.Debug|x86.ActiveCfg = Debug|Win32
		{78826BFD-5094-4E48-BBFD-D31460C57FAD}.Debug|x86.Build.0 = Debug|Win32
		{78826BFD-5094-4E48-BBFD-D31460C57FAD}.Release|x64.ActiveCfg = Release|x64
		{78826BFD-5094-4E48-BBFD-D31460C57FAD}.Release|x64.Build.0 = Release|x64
		{78826BFD-5094-4E48-BBFD-D31460C57FAD}.Release|x86.ActiveCfg = Release|Win32
		{78826BFD-5094-4E48-BBFD-D31460C57FAD}.Release|x86.Build.0 = Release|Win32
		{773AFC7B-59E8-4254-85B8-44CB20AE45F6}.Debug|x64.ActiveCfg = Debug|x64
		{773AFC7B-59E8-4254-85B8-44CB20AE45F6}.Debug|x64.Build.0 = Debug|x64
		{773AFC7B-59E8-4254-85B8-44CB20AE45F6}.Debug|x86.ActiveCfg = Debug|Win32
		{773AFC7B-59E8-4254-85B8-44CB20AE45F6}.Debug|x86.Build.0 = Debug|Win32
		{773AFC7B-59E8-4254-85B8-44CB20AE45F6}.Release|x64.ActiveCfg = Release|x64
		{773AFC7B-59E8-4254-85B8-44CB20AE45F6}.Release|x64.Build.0 = Release|x64
		{773AFC7B-59E8-4254-85B8-44CB20AE45F6}.Release|x86.ActiveCfg = Release|Win32
		{773AFC7B-59E8-4254-85B8-44CB20AE45F6}.Release|x86.Build.0 = Release|Win32
		{4A2346A5-7396-4EB6-BBC3-30CB1AFC4E92}.Debug|x64.ActiveCfg = Debug|x64
		{4A2346A5-7396-4EB6-BBC3-30CB1AFC4E92}.Debug|x64.Build.0 = Debug|x64
		{4A2346A5-7396-4EB6-BBC3-30CB1AFC4E92}.Debug|x86.ActiveCfg = Debug|Win32
		{4A2346A5-7396-4EB6-BBC3-30CB1AFC4E92}.Debug|x86.Build.0 = Debug|Win32
		{4A2346A5-7396-4EB6-BBC3-30CB1AFC4E92}.Release|x64.ActiveCfg = Release|x64
		{4A2346A5-7396-4EB6-BBC3-30CB1AFC4E92}.Release|x64.Build.0 = Release|x64
		{4A2346A5-7396-4EB6-BBC3-30CB1AFC4E92}.Release|x86.ActiveCfg = Release|Win32
		{4A2346A5-7396-4EB6-BBC3-30CB1AFC4E92}.Release|x86.Build.0 = Release|Win32
		{BA53B85A-220E-4E08-8FF2-BCD3242FAF0F}.Debug|x64.ActiveCfg = Debug|x64
		{BA53B85A-220E-4E08-8FF2-BCD3242FAF0F}.Debug|x64.Build.0 = Debug|x64
		{BA53B85A-220E-4E08-8FF2-BCD3242FAF0F}.Debug|x86.ActiveCfg = Debug|Win32
		{BA53B85A-220E-4E08-8FF2-BCD3242FAF0F}.Debug|x86.Build.0 = Debug|Win32
		{BA53B85A-220E-4E08-8FF2-BCD3242FAF0F}.Release|x64.ActiveCfg = Release|x64
		{BA53B85A-220E-4E08-8FF2-BCD3242FAF0F}.Release|x64.Build.0 = Release|x64
		{BA53B85A-220E-4E08-8FF2-BCD3242FAF0F}.Release|x86.ActiveCfg = Release|Win32
		{BA53B85A-220E-4E08-8FF2-BCD3242FAF0F}.Release|x86.Build.0 = Release|Win32
		{343950A0-0B10-4A3A-9590-06A06A67DA09}.Debug|x64.ActiveCfg = Debug|x64
		{343950A0-0B10-4A3A-9590-06A06A67DA09}.Debug|x64.Build.0 = Debug|x64
		{343950A0-0B10-4A3A-9590-06A06A67DA09}.Debug|x86.ActiveCfg = Debug|Win32
		{343950A0-0B10-4A3A-9590-06A06A67DA09}.Debug|x86.Build.0 = Debug|Win32
		{343950A0-0B10-4A3A-9590-06A06A67DA09}.Release|x64.ActiveCfg = Release|x64
		{343950A0-0B10-4A3A-9590-06A06A67DA09}.Release|x64.Build.0 = Release|x64
		{343950A0-0B10-4A3A-9590-06A06A67DA09}.Release|x86.ActiveCfg = Release|Win32
		{343950A0-0B10-4A3A-9590-06A06A67DA09}.Release|x86.Build.0 = Release|Win32
		{5B64CE54-B05C-4D49-8125-60B70A0F7171}.Debug|x64.ActiveCfg = Debug|x64
		{5B64CE54-B05C-4D49-8125-60B70A0F7171}.Debug|x64.Build.0 = Debug|x64
		{5B64CE54-B05C-4D49-8125-60B70A0F7171}.Debug|x86.ActiveCfg = Debug|Win32
		{5B64CE54-B05C-4D49-8125-60B70A0F7171}.Debug|x86.Build.0 = Debug|Win32
		{5B64CE54-B05C-4D49-8125-60B70A0F7171}.Release|x64.ActiveCfg = Release|x64
		{5B64CE54-B05C-4D49-8125-60B70A0F7171}.Release|x64.Build.0 = Release|x64
		{5B64CE54-B05C-4D49-8125-60B70A0F7171}.Release|x86.ActiveCfg = Release|Win32
		{5B64CE54-B05C-4D49-8125-60B70A0F7171}.Release|x86.Build.0 = Release|Win32
	EndGlobalSection
	GlobalSection(SolutionProperties) = preSolution
		HideSolutionNode = FALSE
	EndGlobalSection
	GlobalSection(ExtensibilityGlobals) = postSolution
		SolutionGuid = {0061E610-1DA6-4423-89F7-B8EF5612E95C}
	EndGlobalSection
EndGlobal
